
Microsoft Visual Studio Solution File, Format Version 12.00
# Visual Studio Version 17
VisualStudioVersion = 17.7.34009.444
MinimumVisualStudioVersion = 10.0.40219.1
Project("{FAE04EC0-301F-11D3-BF4B-00C04F79EFBC}") = "Basic Heap", "Basic Heap\Basic Heap.csproj", "{0079E0A8-A63E-4F90-952C-34C27DF96012}"
EndProject
Global
	GlobalSection(SolutionConfigurationPlatforms) = preSolution
		Debug|Any CPU = Debug|Any CPU
		Release|Any CPU = Release|Any CPU
	EndGlobalSection
	GlobalSection(ProjectConfigurationPlatforms) = postSolution
		{0079E0A8-A63E-4F90-952C-34C27DF96012}.Debug|Any CPU.ActiveCfg = Debug|Any CPU
		{0079E0A8-A63E-4F90-952C-34C27DF96012}.Debug|Any CPU.Build.0 = Debug|Any CPU
		{0079E0A8-A63E-4F90-952C-34C27DF96012}.Release|Any CPU.ActiveCfg = Release|Any CPU
		{0079E0A8-A63E-4F90-952C-34C27DF96012}.Release|Any CPU.Build.0 = Release|Any CPU
	EndGlobalSection
	GlobalSection(SolutionProperties) = preSolution
		HideSolutionNode = FALSE
	EndGlobalSection
	GlobalSection(ExtensibilityGlobals) = postSolution
		SolutionGuid = {0191E2A9-9532-4F9B-AD6C-9A59EBC0A40A}
	EndGlobalSection
EndGlobal
